
Microsoft Visual Studio Solution File, Format Version 12.00
# Visual Studio Version 16
VisualStudioVersion = 16.0.32106.194
MinimumVisualStudioVersion = 10.0.40219.1
Project("{2150E333-8FDC-42A3-9474-1A3956D46DE8}") = "Services", "Services", "{0785F07F-FAC1-4154-A604-10406111BA2A}"
EndProject
Project("{2150E333-8FDC-42A3-9474-1A3956D46DE8}") = "Catalog", "Catalog", "{96E3E81B-EC01-4D5D-A265-42D99687D448}"
EndProject
Project("{9A19103F-16F7-4668-BE54-9A1E7A4F7556}") = "Catalog.API", "Services\Catalog\Catalog.API\Catalog.API.csproj", "{FA8C1D88-721A-4883-BCC1-768207304BA4}"
EndProject
Project("{E53339B2-1760-4266-BCC7-CA923CBCF16C}") = "docker-compose", "docker-compose.dcproj", "{60BE4D1B-BB1D-43FD-87B5-B281EEBC051B}"
EndProject
Project("{2150E333-8FDC-42A3-9474-1A3956D46DE8}") = "Basket", "Basket", "{2BA50A71-0B85-4274-A8C6-A6ECFE3BC36A}"
EndProject
Project("{9A19103F-16F7-4668-BE54-9A1E7A4F7556}") = "Basket.API", "Services\Basket\Basket.API\Basket.API.csproj", "{A46D22DE-122C-405D-8185-D62B899D722D}"
EndProject
Project("{2150E333-8FDC-42A3-9474-1A3956D46DE8}") = "Discount", "Discount", "{46019D45-F489-4760-895D-8FA43E4C3791}"
EndProject
Project("{9A19103F-16F7-4668-BE54-9A1E7A4F7556}") = "Discount.API", "Services\Discount\Discount.API\Discount.API.csproj", "{5DDE7AE4-8DAD-41DE-950A-B8235AF09898}"
EndProject
Project("{9A19103F-16F7-4668-BE54-9A1E7A4F7556}") = "Discount.Grpc", "Services\Discount\Discount.Grpc\Discount.Grpc.csproj", "{82188842-1C18-45DF-A0F5-421E55FADCC0}"
EndProject
Project("{2150E333-8FDC-42A3-9474-1A3956D46DE8}") = "Ordering", "Ordering", "{8D0D34BB-CB9E-483C-BA1D-1D5719AEDB15}"
EndProject
Project("{9A19103F-16F7-4668-BE54-9A1E7A4F7556}") = "Ordering.API", "Services\Ordering\Ordering.API\Ordering.API.csproj", "{33C54EB1-DFF9-49FC-A96D-5F43147A0107}"
EndProject
Project("{9A19103F-16F7-4668-BE54-9A1E7A4F7556}") = "Ordering.Domain", "Services\Ordering\Ordering.Domain\Ordering.Domain.csproj", "{BFE6DEA5-02E9-4918-9B79-584C965FF870}"
EndProject
Project("{9A19103F-16F7-4668-BE54-9A1E7A4F7556}") = "Ordering.Application", "Services\Ordering\Ordering.Application\Ordering.Application.csproj", "{99AF30EC-9F52-413B-B14D-69886C5AB885}"
EndProject
Project("{9A19103F-16F7-4668-BE54-9A1E7A4F7556}") = "Ordering.Infrastructure", "Services\Ordering\Ordering.Infrastructure\Ordering.Infrastructure.csproj", "{FA464E82-C925-40F1-9FDB-B3710A714D60}"
EndProject
Project("{2150E333-8FDC-42A3-9474-1A3956D46DE8}") = "BuildingBlocks", "BuildingBlocks", "{E8E65E6E-8198-44E7-B9D2-ECA9D1D13829}"
EndProject
Project("{9A19103F-16F7-4668-BE54-9A1E7A4F7556}") = "EventBus.Messages", "BuildingBlocks\EventBus.Messages\EventBus.Messages.csproj", "{2CC8798A-954B-446F-A569-AA638B467650}"
EndProject
Project("{2150E333-8FDC-42A3-9474-1A3956D46DE8}") = "ApiGateways", "ApiGateways", "{D9B0FFF2-56A3-4E0B-B008-AAA4AAE42B2A}"
EndProject
Project("{FAE04EC0-301F-11D3-BF4B-00C04F79EFBC}") = "OcelotApiGw", "ApiGateways\OcelotApiGw\OcelotApiGw.csproj", "{F959BDB7-BD17-4F55-AB44-1522D372DADE}"
EndProject
Project("{FAE04EC0-301F-11D3-BF4B-00C04F79EFBC}") = "Shopping.Aggregator", "ApiGateways\Shopping.Aggregator\Shopping.Aggregator.csproj", "{B1AD11C6-BBE6-418F-8D64-6ED93C8B42A7}"
EndProject
Global
	GlobalSection(SolutionConfigurationPlatforms) = preSolution
		Debug|Any CPU = Debug|Any CPU
		Release|Any CPU = Release|Any CPU
	EndGlobalSection
	GlobalSection(ProjectConfigurationPlatforms) = postSolution
		{FA8C1D88-721A-4883-BCC1-768207304BA4}.Debug|Any CPU.ActiveCfg = Debug|Any CPU
		{FA8C1D88-721A-4883-BCC1-768207304BA4}.Debug|Any CPU.Build.0 = Debug|Any CPU
		{FA8C1D88-721A-4883-BCC1-768207304BA4}.Release|Any CPU.ActiveCfg = Release|Any CPU
		{FA8C1D88-721A-4883-BCC1-768207304BA4}.Release|Any CPU.Build.0 = Release|Any CPU
		{60BE4D1B-BB1D-43FD-87B5-B281EEBC051B}.Debug|Any CPU.ActiveCfg = Debug|Any CPU
		{60BE4D1B-BB1D-43FD-87B5-B281EEBC051B}.Debug|Any CPU.Build.0 = Debug|Any CPU
		{60BE4D1B-BB1D-43FD-87B5-B281EEBC051B}.Release|Any CPU.ActiveCfg = Release|Any CPU
		{60BE4D1B-BB1D-43FD-87B5-B281EEBC051B}.Release|Any CPU.Build.0 = Release|Any CPU
		{A46D22DE-122C-405D-8185-D62B899D722D}.Debug|Any CPU.ActiveCfg = Debug|Any CPU
		{A46D22DE-122C-405D-8185-D62B899D722D}.Debug|Any CPU.Build.0 = Debug|Any CPU
		{A46D22DE-122C-405D-8185-D62B899D722D}.Release|Any CPU.ActiveCfg = Release|Any CPU
		{A46D22DE-122C-405D-8185-D62B899D722D}.Release|Any CPU.Build.0 = Release|Any CPU
		{5DDE7AE4-8DAD-41DE-950A-B8235AF09898}.Debug|Any CPU.ActiveCfg = Debug|Any CPU
		{5DDE7AE4-8DAD-41DE-950A-B8235AF09898}.Debug|Any CPU.Build.0 = Debug|Any CPU
		{5DDE7AE4-8DAD-41DE-950A-B8235AF09898}.Release|Any CPU.ActiveCfg = Release|Any CPU
		{5DDE7AE4-8DAD-41DE-950A-B8235AF09898}.Release|Any CPU.Build.0 = Release|Any CPU
		{82188842-1C18-45DF-A0F5-421E55FADCC0}.Debug|Any CPU.ActiveCfg = Debug|Any CPU
		{82188842-1C18-45DF-A0F5-421E55FADCC0}.Debug|Any CPU.Build.0 = Debug|Any CPU
		{82188842-1C18-45DF-A0F5-421E55FADCC0}.Release|Any CPU.ActiveCfg = Release|Any CPU
		{82188842-1C18-45DF-A0F5-421E55FADCC0}.Release|Any CPU.Build.0 = Release|Any CPU
		{33C54EB1-DFF9-49FC-A96D-5F43147A0107}.Debug|Any CPU.ActiveCfg = Debug|Any CPU
		{33C54EB1-DFF9-49FC-A96D-5F43147A0107}.Debug|Any CPU.Build.0 = Debug|Any CPU
		{33C54EB1-DFF9-49FC-A96D-5F43147A0107}.Release|Any CPU.ActiveCfg = Release|Any CPU
		{33C54EB1-DFF9-49FC-A96D-5F43147A0107}.Release|Any CPU.Build.0 = Release|Any CPU
		{BFE6DEA5-02E9-4918-9B79-584C965FF870}.Debug|Any CPU.ActiveCfg = Debug|Any CPU
		{BFE6DEA5-02E9-4918-9B79-584C965FF870}.Debug|Any CPU.Build.0 = Debug|Any CPU
		{BFE6DEA5-02E9-4918-9B79-584C965FF870}.Release|Any CPU.ActiveCfg = Release|Any CPU
		{BFE6DEA5-02E9-4918-9B79-584C965FF870}.Release|Any CPU.Build.0 = Release|Any CPU
		{99AF30EC-9F52-413B-B14D-69886C5AB885}.Debug|Any CPU.ActiveCfg = Debug|Any CPU
		{99AF30EC-9F52-413B-B14D-69886C5AB885}.Debug|Any CPU.Build.0 = Debug|Any CPU
		{99AF30EC-9F52-413B-B14D-69886C5AB885}.Release|Any CPU.ActiveCfg = Release|Any CPU
		{99AF30EC-9F52-413B-B14D-69886C5AB885}.Release|Any CPU.Build.0 = Release|Any CPU
		{FA464E82-C925-40F1-9FDB-B3710A714D60}.Debug|Any CPU.ActiveCfg = Debug|Any CPU
		{FA464E82-C925-40F1-9FDB-B3710A714D60}.Debug|Any CPU.Build.0 = Debug|Any CPU
		{FA464E82-C925-40F1-9FDB-B3710A714D60}.Release|Any CPU.ActiveCfg = Release|Any CPU
		{FA464E82-C925-40F1-9FDB-B3710A714D60}.Release|Any CPU.Build.0 = Release|Any CPU
		{2CC8798A-954B-446F-A569-AA638B467650}.Debug|Any CPU.ActiveCfg = Debug|Any CPU
		{2CC8798A-954B-446F-A569-AA638B467650}.Debug|Any CPU.Build.0 = Debug|Any CPU
		{2CC8798A-954B-446F-A569-AA638B467650}.Release|Any CPU.ActiveCfg = Release|Any CPU
		{2CC8798A-954B-446F-A569-AA638B467650}.Release|Any CPU.Build.0 = Release|Any CPU
		{F959BDB7-BD17-4F55-AB44-1522D372DADE}.Debug|Any CPU.ActiveCfg = Debug|Any CPU
		{F959BDB7-BD17-4F55-AB44-1522D372DADE}.Debug|Any CPU.Build.0 = Debug|Any CPU
		{F959BDB7-BD17-4F55-AB44-1522D372DADE}.Release|Any CPU.ActiveCfg = Release|Any CPU
		{F959BDB7-BD17-4F55-AB44-1522D372DADE}.Release|Any CPU.Build.0 = Release|Any CPU
		{B1AD11C6-BBE6-418F-8D64-6ED93C8B42A7}.Debug|Any CPU.ActiveCfg = Debug|Any CPU
		{B1AD11C6-BBE6-418F-8D64-6ED93C8B42A7}.Debug|Any CPU.Build.0 = Debug|Any CPU
		{B1AD11C6-BBE6-418F-8D64-6ED93C8B42A7}.Release|Any CPU.ActiveCfg = Release|Any CPU
		{B1AD11C6-BBE6-418F-8D64-6ED93C8B42A7}.Release|Any CPU.Build.0 = Release|Any CPU
	EndGlobalSection
	GlobalSection(SolutionProperties) = preSolution
		HideSolutionNode = FALSE
	EndGlobalSection
	GlobalSection(NestedProjects) = preSolution
		{96E3E81B-EC01-4D5D-A265-42D99687D448} = {0785F07F-FAC1-4154-A604-10406111BA2A}
		{FA8C1D88-721A-4883-BCC1-768207304BA4} = {96E3E81B-EC01-4D5D-A265-42D99687D448}
		{2BA50A71-0B85-4274-A8C6-A6ECFE3BC36A} = {0785F07F-FAC1-4154-A604-10406111BA2A}
		{A46D22DE-122C-405D-8185-D62B899D722D} = {2BA50A71-0B85-4274-A8C6-A6ECFE3BC36A}
		{46019D45-F489-4760-895D-8FA43E4C3791} = {0785F07F-FAC1-4154-A604-10406111BA2A}
		{5DDE7AE4-8DAD-41DE-950A-B8235AF09898} = {46019D45-F489-4760-895D-8FA43E4C3791}
		{82188842-1C18-45DF-A0F5-421E55FADCC0} = {46019D45-F489-4760-895D-8FA43E4C3791}
		{8D0D34BB-CB9E-483C-BA1D-1D5719AEDB15} = {0785F07F-FAC1-4154-A604-10406111BA2A}
		{33C54EB1-DFF9-49FC-A96D-5F43147A0107} = {8D0D34BB-CB9E-483C-BA1D-1D5719AEDB15}
		{BFE6DEA5-02E9-4918-9B79-584C965FF870} = {8D0D34BB-CB9E-483C-BA1D-1D5719AEDB15}
		{99AF30EC-9F52-413B-B14D-69886C5AB885} = {8D0D34BB-CB9E-483C-BA1D-1D5719AEDB15}
		{FA464E82-C925-40F1-9FDB-B3710A714D60} = {8D0D34BB-CB9E-483C-BA1D-1D5719AEDB15}
		{2CC8798A-954B-446F-A569-AA638B467650} = {E8E65E6E-8198-44E7-B9D2-ECA9D1D13829}
		{F959BDB7-BD17-4F55-AB44-1522D372DADE} = {D9B0FFF2-56A3-4E0B-B008-AAA4AAE42B2A}
		{B1AD11C6-BBE6-418F-8D64-6ED93C8B42A7} = {D9B0FFF2-56A3-4E0B-B008-AAA4AAE42B2A}
	EndGlobalSection
	GlobalSection(ExtensibilityGlobals) = postSolution
		SolutionGuid = {798ABCFA-E005-440C-B986-2AD5AA09C43E}
	EndGlobalSection
EndGlobal
